
Microsoft Visual Studio Solution File, Format Version 12.00
# Visual Studio Version 17
VisualStudioVersion = 17.10.35027.167
MinimumVisualStudioVersion = 10.0.40219.1
Project("{9A19103F-16F7-4668-BE54-9A1E7A4F7556}") = "VVShop.ProductApi", "VVShop.ProductApi\VVShop.ProductApi.csproj", "{2FA7D913-6C8F-4628-A138-AEFF0211B17D}"
EndProject
Project("{9A19103F-16F7-4668-BE54-9A1E7A4F7556}") = "VVShop.WebMvc", "VVShop.WebMvc\VVShop.WebMvc.csproj", "{F6C16350-EF70-4A5F-BD91-75CB25AE4FE9}"
EndProject
Project("{2150E333-8FDC-42A3-9474-1A3956D46DE8}") = "FrontEnd", "FrontEnd", "{023CD912-6100-4666-AC90-E9FCF87529F6}"
EndProject
Project("{2150E333-8FDC-42A3-9474-1A3956D46DE8}") = "BackEnd", "BackEnd", "{AFCD7230-18CA-4B67-B225-883CFD10C7C3}"
EndProject
Project("{9A19103F-16F7-4668-BE54-9A1E7A4F7556}") = "VVShop.IdentityServer", "VVShop.IdentityServer\VVShop.IdentityServer.csproj", "{E684791C-8FD5-46D4-BC12-47CD98C14279}"
EndProject
Project("{9A19103F-16F7-4668-BE54-9A1E7A4F7556}") = "VVShop.CartApi", "VVShop.CartApi\VVShop.CartApi.csproj", "{91FDAE00-CCD6-4380-9C8B-58A34489B06B}"
EndProject
Project("{FAE04EC0-301F-11D3-BF4B-00C04F79EFBC}") = "VVShop.DiscountApi", "VVShop.DiscountApi\VVShop.DiscountApi.csproj", "{3E06E13F-CD58-4F2E-AADF-9B136E161D26}"
EndProject
Global
	GlobalSection(SolutionConfigurationPlatforms) = preSolution
		Debug|Any CPU = Debug|Any CPU
		Release|Any CPU = Release|Any CPU
	EndGlobalSection
	GlobalSection(ProjectConfigurationPlatforms) = postSolution
		{2FA7D913-6C8F-4628-A138-AEFF0211B17D}.Debug|Any CPU.ActiveCfg = Debug|Any CPU
		{2FA7D913-6C8F-4628-A138-AEFF0211B17D}.Debug|Any CPU.Build.0 = Debug|Any CPU
		{2FA7D913-6C8F-4628-A138-AEFF0211B17D}.Release|Any CPU.ActiveCfg = Release|Any CPU
		{2FA7D913-6C8F-4628-A138-AEFF0211B17D}.Release|Any CPU.Build.0 = Release|Any CPU
		{F6C16350-EF70-4A5F-BD91-75CB25AE4FE9}.Debug|Any CPU.ActiveCfg = Debug|Any CPU
		{F6C16350-EF70-4A5F-BD91-75CB25AE4FE9}.Debug|Any CPU.Build.0 = Debug|Any CPU
		{F6C16350-EF70-4A5F-BD91-75CB25AE4FE9}.Release|Any CPU.ActiveCfg = Release|Any CPU
		{F6C16350-EF70-4A5F-BD91-75CB25AE4FE9}.Release|Any CPU.Build.0 = Release|Any CPU
		{E684791C-8FD5-46D4-BC12-47CD98C14279}.Debug|Any CPU.ActiveCfg = Debug|Any CPU
		{E684791C-8FD5-46D4-BC12-47CD98C14279}.Debug|Any CPU.Build.0 = Debug|Any CPU
		{E684791C-8FD5-46D4-BC12-47CD98C14279}.Release|Any CPU.ActiveCfg = Release|Any CPU
		{E684791C-8FD5-46D4-BC12-47CD98C14279}.Release|Any CPU.Build.0 = Release|Any CPU
		{91FDAE00-CCD6-4380-9C8B-58A34489B06B}.Debug|Any CPU.ActiveCfg = Debug|Any CPU
		{91FDAE00-CCD6-4380-9C8B-58A34489B06B}.Debug|Any CPU.Build.0 = Debug|Any CPU
		{91FDAE00-CCD6-4380-9C8B-58A34489B06B}.Release|Any CPU.ActiveCfg = Release|Any CPU
		{91FDAE00-CCD6-4380-9C8B-58A34489B06B}.Release|Any CPU.Build.0 = Release|Any CPU
		{3E06E13F-CD58-4F2E-AADF-9B136E161D26}.Debug|Any CPU.ActiveCfg = Debug|Any CPU
		{3E06E13F-CD58-4F2E-AADF-9B136E161D26}.Debug|Any CPU.Build.0 = Debug|Any CPU
		{3E06E13F-CD58-4F2E-AADF-9B136E161D26}.Release|Any CPU.ActiveCfg = Release|Any CPU
		{3E06E13F-CD58-4F2E-AADF-9B136E161D26}.Release|Any CPU.Build.0 = Release|Any CPU
	EndGlobalSection
	GlobalSection(SolutionProperties) = preSolution
		HideSolutionNode = FALSE
	EndGlobalSection
	GlobalSection(NestedProjects) = preSolution
		{2FA7D913-6C8F-4628-A138-AEFF0211B17D} = {AFCD7230-18CA-4B67-B225-883CFD10C7C3}
		{F6C16350-EF70-4A5F-BD91-75CB25AE4FE9} = {023CD912-6100-4666-AC90-E9FCF87529F6}
		{E684791C-8FD5-46D4-BC12-47CD98C14279} = {AFCD7230-18CA-4B67-B225-883CFD10C7C3}
		{91FDAE00-CCD6-4380-9C8B-58A34489B06B} = {AFCD7230-18CA-4B67-B225-883CFD10C7C3}
		{3E06E13F-CD58-4F2E-AADF-9B136E161D26} = {AFCD7230-18CA-4B67-B225-883CFD10C7C3}
	EndGlobalSection
	GlobalSection(ExtensibilityGlobals) = postSolution
		SolutionGuid = {F16DBCD4-4CDA-488F-90F9-D6A3F05A75D7}
	EndGlobalSection
EndGlobal
